{
  "https://framer.com/m/Button-rZSN.js@k2fMAJiQPZJt7DZjK6HO": { "resolved": "https://framerusercontent.com/modules/cmv3LytNQxNTooN8dfpf/k2fMAJiQPZJt7DZjK6HO/ZVV0yGsmz.js", "integrity": "sha512-FmWI0+0GQvBYIVZQOyiQCjHinbAep8R4TkHSl64Q7TEOK7lPtZ6wEi8XqXhXzvbUrBK1R8Szef4bsrLTiPrydw==", "contentType": "text/javascript; charset=UTF-8" },
  "version": 1
}
